// !$*UTF8*$!
{
	archiveVersion = 1;
	classes = {
	};
	objectVersion = 56;
	objects = {

/* Begin PBXBuildFile section */
		77DF43602E2C93AB00E6AF1B /* yonnkomiApp.swift in Sources */ = {isa = PBXBuildFile; fileRef = 77DF435F2E2C93AB00E6AF1B /* yonnkomiApp.swift */; };
		77DF43642E2C93AB00E6AF1B /* Item.swift in Sources */ = {isa = PBXBuildFile; fileRef = 77DF43632E2C93AB00E6AF1B /* Item.swift */; };
		77DF43662E2C93AD00E6AF1B /* Assets.xcassets in Resources */ = {isa = PBXBuildFile; fileRef = 77DF43652E2C93AD00E6AF1B /* Assets.xcassets */; };
		77DF43692E2C93AD00E6AF1B /* Preview Assets.xcassets in Resources */ = {isa = PBXBuildFile; fileRef = 77DF43682E2C93AD00E6AF1B /* Preview Assets.xcassets */; };
		77DF43702E2C93FF00E6AF1B /* LoginView.swift in Sources */ = {isa = PBXBuildFile; fileRef = 77DF436F2E2C93FF00E6AF1B /* LoginView.swift */; };
		77DF43722E2C95CC00E6AF1B /* RegisterView.swift in Sources */ = {isa = PBXBuildFile; fileRef = 77DF43712E2C95CC00E6AF1B /* RegisterView.swift */; };
		77DF43742E2C979700E6AF1B /* HomeView.swift in Sources */ = {isa = PBXBuildFile; fileRef = 77DF43732E2C979700E6AF1B /* HomeView.swift */; };
		77EEA5442E2CB591001AC06A /* FirebaseAuth in Frameworks */ = {isa = PBXBuildFile; productRef = 77EEA5432E2CB591001AC06A /* FirebaseAuth */; };
		77EEA5462E2CB591001AC06A /* FirebaseCore in Frameworks */ = {isa = PBXBuildFile; productRef = 77EEA5452E2CB591001AC06A /* FirebaseCore */; };
		77EEA5482E2CB591001AC06A /* FirebaseDatabase in Frameworks */ = {isa = PBXBuildFile; productRef = 77EEA5472E2CB591001AC06A /* FirebaseDatabase */; };
		77EEA54A2E2CB591001AC06A /* FirebaseFirestore in Frameworks */ = {isa = PBXBuildFile; productRef = 77EEA5492E2CB591001AC06A /* FirebaseFirestore */; };
		77EEA54C2E2CB671001AC06A /* RootView.swift in Sources */ = {isa = PBXBuildFile; fileRef = 77EEA54B2E2CB671001AC06A /* RootView.swift */; };
		77EEA54F2E2CBACC001AC06A /* Post.swift in Sources */ = {isa = PBXBuildFile; fileRef = 77EEA54E2E2CBACC001AC06A /* Post.swift */; };
		77EEA5512E2CBEB5001AC06A /* PostItemView.swift in Sources */ = {isa = PBXBuildFile; fileRef = 77EEA5502E2CBEB5001AC06A /* PostItemView.swift */; };
		77EEA5542E2CBF9B001AC06A /* Date.swift in Sources */ = {isa = PBXBuildFile; fileRef = 77EEA5532E2CBF9B001AC06A /* Date.swift */; };
		77EEA5562E2CBFE0001AC06A /* String.swift in Sources */ = {isa = PBXBuildFile; fileRef = 77EEA5552E2CBFE0001AC06A /* String.swift */; };
		77EEA5592E2CC0EE001AC06A /* GoogleService-Info.plist in Resources */ = {isa = PBXBuildFile; fileRef = 77EEA5582E2CC0EE001AC06A /* GoogleService-Info.plist */; };
		77EEA55B2E2CCBF6001AC06A /* TabView.swift in Sources */ = {isa = PBXBuildFile; fileRef = 77EEA55A2E2CCBF6001AC06A /* TabView.swift */; };
/* End PBXBuildFile section */

/* Begin PBXFileReference section */
		77DF435C2E2C93AB00E6AF1B /* yonnkomi.app */ = {isa = PBXFileReference; explicitFileType = wrapper.application; includeInIndex = 0; path = yonnkomi.app; sourceTree = BUILT_PRODUCTS_DIR; };
		77DF435F2E2C93AB00E6AF1B /* yonnkomiApp.swift */ = {isa = PBXFileReference; lastKnownFileType = sourcecode.swift; path = yonnkomiApp.swift; sourceTree = "<group>"; };
		77DF43632E2C93AB00E6AF1B /* Item.swift */ = {isa = PBXFileReference; lastKnownFileType = sourcecode.swift; path = Item.swift; sourceTree = "<group>"; };
		77DF43652E2C93AD00E6AF1B /* Assets.xcassets */ = {isa = PBXFileReference; lastKnownFileType = folder.assetcatalog; path = Assets.xcassets; sourceTree = "<group>"; };
		77DF43682E2C93AD00E6AF1B /* Preview Assets.xcassets */ = {isa = PBXFileReference; lastKnownFileType = folder.assetcatalog; path = "Preview Assets.xcassets"; sourceTree = "<group>"; };
		77DF436F2E2C93FF00E6AF1B /* LoginView.swift */ = {isa = PBXFileReference; lastKnownFileType = sourcecode.swift; path = LoginView.swift; sourceTree = "<group>"; };
		77DF43712E2C95CC00E6AF1B /* RegisterView.swift */ = {isa = PBXFileReference; lastKnownFileType = sourcecode.swift; path = RegisterView.swift; sourceTree = "<group>"; };
		77DF43732E2C979700E6AF1B /* HomeView.swift */ = {isa = PBXFileReference; lastKnownFileType = sourcecode.swift; path = HomeView.swift; sourceTree = "<group>"; };
		77EEA54B2E2CB671001AC06A /* RootView.swift */ = {isa = PBXFileReference; lastKnownFileType = sourcecode.swift; path = RootView.swift; sourceTree = "<group>"; };
		77EEA54E2E2CBACC001AC06A /* Post.swift */ = {isa = PBXFileReference; lastKnownFileType = sourcecode.swift; path = Post.swift; sourceTree = "<group>"; };
		77EEA5502E2CBEB5001AC06A /* PostItemView.swift */ = {isa = PBXFileReference; lastKnownFileType = sourcecode.swift; path = PostItemView.swift; sourceTree = "<group>"; };
		77EEA5532E2CBF9B001AC06A /* Date.swift */ = {isa = PBXFileReference; lastKnownFileType = sourcecode.swift; path = Date.swift; sourceTree = "<group>"; };
		77EEA5552E2CBFE0001AC06A /* String.swift */ = {isa = PBXFileReference; lastKnownFileType = sourcecode.swift; path = String.swift; sourceTree = "<group>"; };
		77EEA5582E2CC0EE001AC06A /* GoogleService-Info.plist */ = {isa = PBXFileReference; lastKnownFileType = text.plist.xml; path = "GoogleService-Info.plist"; sourceTree = "<group>"; };
		77EEA55A2E2CCBF6001AC06A /* TabView.swift */ = {isa = PBXFileReference; lastKnownFileType = sourcecode.swift; path = TabView.swift; sourceTree = "<group>"; };
/* End PBXFileReference section */

/* Begin PBXFrameworksBuildPhase section */
		77DF43592E2C93AB00E6AF1B /* Frameworks */ = {
			isa = PBXFrameworksBuildPhase;
			buildActionMask = 2147483647;
			files = (
				77EEA5482E2CB591001AC06A /* FirebaseDatabase in Frameworks */,
				77EEA54A2E2CB591001AC06A /* FirebaseFirestore in Frameworks */,
				77EEA5462E2CB591001AC06A /* FirebaseCore in Frameworks */,
				77EEA5442E2CB591001AC06A /* FirebaseAuth in Frameworks */,
			);
			runOnlyForDeploymentPostprocessing = 0;
		};
/* End PBXFrameworksBuildPhase section */

/* Begin PBXGroup section */
		77DF43532E2C93AB00E6AF1B = {
			isa = PBXGroup;
			children = (
				77DF435E2E2C93AB00E6AF1B /* yonnkomi */,
				77DF435D2E2C93AB00E6AF1B /* Products */,
			);
			sourceTree = "<group>";
		};
		77DF435D2E2C93AB00E6AF1B /* Products */ = {
			isa = PBXGroup;
			children = (
				77DF435C2E2C93AB00E6AF1B /* yonnkomi.app */,
			);
			name = Products;
			sourceTree = "<group>";
		};
		77DF435E2E2C93AB00E6AF1B /* yonnkomi */ = {
			isa = PBXGroup;
			children = (
				77DF435F2E2C93AB00E6AF1B /* yonnkomiApp.swift */,
				77EEA5572E2CC022001AC06A /* View */,
				77EEA54D2E2CBA66001AC06A /* Model */,
				77EEA5522E2CBF52001AC06A /* Extention */,
				77DF43652E2C93AD00E6AF1B /* Assets.xcassets */,
				77EEA5582E2CC0EE001AC06A /* GoogleService-Info.plist */,
				77DF43672E2C93AD00E6AF1B /* Preview Content */,
			);
			path = yonnkomi;
			sourceTree = "<group>";
		};
		77DF43672E2C93AD00E6AF1B /* Preview Content */ = {
			isa = PBXGroup;
			children = (
				77DF43682E2C93AD00E6AF1B /* Preview Assets.xcassets */,
			);
			path = "Preview Content";
			sourceTree = "<group>";
		};
		77EEA54D2E2CBA66001AC06A /* Model */ = {
			isa = PBXGroup;
			children = (
				77EEA54E2E2CBACC001AC06A /* Post.swift */,
				77DF43632E2C93AB00E6AF1B /* Item.swift */,
			);
			path = Model;
			sourceTree = "<group>";
		};
		77EEA5522E2CBF52001AC06A /* Extention */ = {
			isa = PBXGroup;
			children = (
				77EEA5532E2CBF9B001AC06A /* Date.swift */,
				77EEA5552E2CBFE0001AC06A /* String.swift */,
			);
			path = Extention;
			sourceTree = "<group>";
		};
		77EEA5572E2CC022001AC06A /* View */ = {
			isa = PBXGroup;
			children = (
				77EEA55A2E2CCBF6001AC06A /* TabView.swift */,
				77DF43732E2C979700E6AF1B /* HomeView.swift */,
				77DF43712E2C95CC00E6AF1B /* RegisterView.swift */,
				77EEA5502E2CBEB5001AC06A /* PostItemView.swift */,
				77EEA54B2E2CB671001AC06A /* RootView.swift */,
				77DF436F2E2C93FF00E6AF1B /* LoginView.swift */,
			);
			path = View;
			sourceTree = "<group>";
		};
/* End PBXGroup section */

/* Begin PBXNativeTarget section */
		77DF435B2E2C93AB00E6AF1B /* yonnkomi */ = {
			isa = PBXNativeTarget;
			buildConfigurationList = 77DF436C2E2C93AD00E6AF1B /* Build configuration list for PBXNativeTarget "yonnkomi" */;
			buildPhases = (
				77DF43582E2C93AB00E6AF1B /* Sources */,
				77DF43592E2C93AB00E6AF1B /* Frameworks */,
				77DF435A2E2C93AB00E6AF1B /* Resources */,
			);
			buildRules = (
			);
			dependencies = (
			);
			name = yonnkomi;
			productName = yonnkomi;
			productReference = 77DF435C2E2C93AB00E6AF1B /* yonnkomi.app */;
			productType = "com.apple.product-type.application";
		};
/* End PBXNativeTarget section */

/* Begin PBXProject section */
		77DF43542E2C93AB00E6AF1B /* Project object */ = {
			isa = PBXProject;
			attributes = {
				BuildIndependentTargetsInParallel = 1;
				LastSwiftUpdateCheck = 1540;
				LastUpgradeCheck = 1540;
				TargetAttributes = {
					77DF435B2E2C93AB00E6AF1B = {
						CreatedOnToolsVersion = 15.4;
					};
				};
			};
			buildConfigurationList = 77DF43572E2C93AB00E6AF1B /* Build configuration list for PBXProject "yonnkomi" */;
			compatibilityVersion = "Xcode 14.0";
			developmentRegion = en;
			hasScannedForEncodings = 0;
			knownRegions = (
				en,
				Base,
			);
			mainGroup = 77DF43532E2C93AB00E6AF1B;
			packageReferences = (
				77EEA5422E2CB591001AC06A /* XCRemoteSwiftPackageReference "firebase-ios-sdk" */,
			);
			productRefGroup = 77DF435D2E2C93AB00E6AF1B /* Products */;
			projectDirPath = "";
			projectRoot = "";
			targets = (
				77DF435B2E2C93AB00E6AF1B /* yonnkomi */,
			);
		};
/* End PBXProject section */

/* Begin PBXResourcesBuildPhase section */
		77DF435A2E2C93AB00E6AF1B /* Resources */ = {
			isa = PBXResourcesBuildPhase;
			buildActionMask = 2147483647;
			files = (
				77DF43692E2C93AD00E6AF1B /* Preview Assets.xcassets in Resources */,
				77DF43662E2C93AD00E6AF1B /* Assets.xcassets in Resources */,
				77EEA5592E2CC0EE001AC06A /* GoogleService-Info.plist in Resources */,
			);
			runOnlyForDeploymentPostprocessing = 0;
		};
/* End PBXResourcesBuildPhase section */

/* Begin PBXSourcesBuildPhase section */
		77DF43582E2C93AB00E6AF1B /* Sources */ = {
			isa = PBXSourcesBuildPhase;
			buildActionMask = 2147483647;
			files = (
				77EEA55B2E2CCBF6001AC06A /* TabView.swift in Sources */,
				77DF43642E2C93AB00E6AF1B /* Item.swift in Sources */,
				77DF43722E2C95CC00E6AF1B /* RegisterView.swift in Sources */,
				77EEA5562E2CBFE0001AC06A /* String.swift in Sources */,
				77EEA54C2E2CB671001AC06A /* RootView.swift in Sources */,
				77DF43702E2C93FF00E6AF1B /* LoginView.swift in Sources */,
				77DF43742E2C979700E6AF1B /* HomeView.swift in Sources */,
				77EEA5512E2CBEB5001AC06A /* PostItemView.swift in Sources */,
				77EEA54F2E2CBACC001AC06A /* Post.swift in Sources */,
				77EEA5542E2CBF9B001AC06A /* Date.swift in Sources */,
				77DF43602E2C93AB00E6AF1B /* yonnkomiApp.swift in Sources */,
			);
			runOnlyForDeploymentPostprocessing = 0;
		};
/* End PBXSourcesBuildPhase section */

/* Begin XCBuildConfiguration section */
		77DF436A2E2C93AD00E6AF1B /* Debug */ = {
			isa = XCBuildConfiguration;
			buildSettings = {
				ALWAYS_SEARCH_USER_PATHS = NO;
				ASSETCATALOG_COMPILER_GENERATE_SWIFT_ASSET_SYMBOL_EXTENSIONS = YES;
				CLANG_ANALYZER_NONNULL = YES;
				CLANG_ANALYZER_NUMBER_OBJECT_CONVERSION = YES_AGGRESSIVE;
				CLANG_CXX_LANGUAGE_STANDARD = "gnu++20";
				CLANG_ENABLE_MODULES = YES;
				CLANG_ENABLE_OBJC_ARC = YES;
				CLANG_ENABLE_OBJC_WEAK = YES;
				CLANG_WARN_BLOCK_CAPTURE_AUTORELEASING = YES;
				CLANG_WARN_BOOL_CONVERSION = YES;
				CLANG_WARN_COMMA = YES;
				CLANG_WARN_CONSTANT_CONVERSION = YES;
				CLANG_WARN_DEPRECATED_OBJC_IMPLEMENTATIONS = YES;
				CLANG_WARN_DIRECT_OBJC_ISA_USAGE = YES_ERROR;
				CLANG_WARN_DOCUMENTATION_COMMENTS = YES;
				CLANG_WARN_EMPTY_BODY = YES;
				CLANG_WARN_ENUM_CONVERSION = YES;
				CLANG_WARN_INFINITE_RECURSION = YES;
				CLANG_WARN_INT_CONVERSION = YES;
				CLANG_WARN_NON_LITERAL_NULL_CONVERSION = YES;
				CLANG_WARN_OBJC_IMPLICIT_RETAIN_SELF = YES;
				CLANG_WARN_OBJC_LITERAL_CONVERSION = YES;
				CLANG_WARN_OBJC_ROOT_CLASS = YES_ERROR;
				CLANG_WARN_QUOTED_INCLUDE_IN_FRAMEWORK_HEADER = YES;
				CLANG_WARN_RANGE_LOOP_ANALYSIS = YES;
				CLANG_WARN_STRICT_PROTOTYPES = YES;
				CLANG_WARN_SUSPICIOUS_MOVE = YES;
				CLANG_WARN_UNGUARDED_AVAILABILITY = YES_AGGRESSIVE;
				CLANG_WARN_UNREACHABLE_CODE = YES;
				CLANG_WARN__DUPLICATE_METHOD_MATCH = YES;
				COPY_PHASE_STRIP = NO;
				DEBUG_INFORMATION_FORMAT = dwarf;
				ENABLE_STRICT_OBJC_MSGSEND = YES;
				ENABLE_TESTABILITY = YES;
				ENABLE_USER_SCRIPT_SANDBOXING = YES;
				GCC_C_LANGUAGE_STANDARD = gnu17;
				GCC_DYNAMIC_NO_PIC = NO;
				GCC_NO_COMMON_BLOCKS = YES;
				GCC_OPTIMIZATION_LEVEL = 0;
				GCC_PREPROCESSOR_DEFINITIONS = (
					"DEBUG=1",
					"$(inherited)",
				);
				GCC_WARN_64_TO_32_BIT_CONVERSION = YES;
				GCC_WARN_ABOUT_RETURN_TYPE = YES_ERROR;
				GCC_WARN_UNDECLARED_SELECTOR = YES;
				GCC_WARN_UNINITIALIZED_AUTOS = YES_AGGRESSIVE;
				GCC_WARN_UNUSED_FUNCTION = YES;
				GCC_WARN_UNUSED_VARIABLE = YES;
				IPHONEOS_DEPLOYMENT_TARGET = 17.5;
				LOCALIZATION_PREFERS_STRING_CATALOGS = YES;
				MTL_ENABLE_DEBUG_INFO = INCLUDE_SOURCE;
				MTL_FAST_MATH = YES;
				ONLY_ACTIVE_ARCH = YES;
				SDKROOT = iphoneos;
				SWIFT_ACTIVE_COMPILATION_CONDITIONS = "DEBUG $(inherited)";
				SWIFT_OPTIMIZATION_LEVEL = "-Onone";
			};
			name = Debug;
		};
		77DF436B2E2C93AD00E6AF1B /* Release */ = {
			isa = XCBuildConfiguration;
			buildSettings = {
				ALWAYS_SEARCH_USER_PATHS = NO;
				ASSETCATALOG_COMPILER_GENERATE_SWIFT_ASSET_SYMBOL_EXTENSIONS = YES;
				CLANG_ANALYZER_NONNULL = YES;
				CLANG_ANALYZER_NUMBER_OBJECT_CONVERSION = YES_AGGRESSIVE;
				CLANG_CXX_LANGUAGE_STANDARD = "gnu++20";
				CLANG_ENABLE_MODULES = YES;
				CLANG_ENABLE_OBJC_ARC = YES;
				CLANG_ENABLE_OBJC_WEAK = YES;
				CLANG_WARN_BLOCK_CAPTURE_AUTORELEASING = YES;
				CLANG_WARN_BOOL_CONVERSION = YES;
				CLANG_WARN_COMMA = YES;
				CLANG_WARN_CONSTANT_CONVERSION = YES;
				CLANG_WARN_DEPRECATED_OBJC_IMPLEMENTATIONS = YES;
				CLANG_WARN_DIRECT_OBJC_ISA_USAGE = YES_ERROR;
				CLANG_WARN_DOCUMENTATION_COMMENTS = YES;
				CLANG_WARN_EMPTY_BODY = YES;
				CLANG_WARN_ENUM_CONVERSION = YES;
				CLANG_WARN_INFINITE_RECURSION = YES;
				CLANG_WARN_INT_CONVERSION = YES;
				CLANG_WARN_NON_LITERAL_NULL_CONVERSION = YES;
				CLANG_WARN_OBJC_IMPLICIT_RETAIN_SELF = YES;
				CLANG_WARN_OBJC_LITERAL_CONVERSION = YES;
				CLANG_WARN_OBJC_ROOT_CLASS = YES_ERROR;
				CLANG_WARN_QUOTED_INCLUDE_IN_FRAMEWORK_HEADER = YES;
				CLANG_WARN_RANGE_LOOP_ANALYSIS = YES;
				CLANG_WARN_STRICT_PROTOTYPES = YES;
				CLANG_WARN_SUSPICIOUS_MOVE = YES;
				CLANG_WARN_UNGUARDED_AVAILABILITY = YES_AGGRESSIVE;
				CLANG_WARN_UNREACHABLE_CODE = YES;
				CLANG_WARN__DUPLICATE_METHOD_MATCH = YES;
				COPY_PHASE_STRIP = NO;
				DEBUG_INFORMATION_FORMAT = "dwarf-with-dsym";
				ENABLE_NS_ASSERTIONS = NO;
				ENABLE_STRICT_OBJC_MSGSEND = YES;
				ENABLE_USER_SCRIPT_SANDBOXING = YES;
				GCC_C_LANGUAGE_STANDARD = gnu17;
				GCC_NO_COMMON_BLOCKS = YES;
				GCC_WARN_64_TO_32_BIT_CONVERSION = YES;
				GCC_WARN_ABOUT_RETURN_TYPE = YES_ERROR;
				GCC_WARN_UNDECLARED_SELECTOR = YES;
				GCC_WARN_UNINITIALIZED_AUTOS = YES_AGGRESSIVE;
				GCC_WARN_UNUSED_FUNCTION = YES;
				GCC_WARN_UNUSED_VARIABLE = YES;
				IPHONEOS_DEPLOYMENT_TARGET = 17.5;
				LOCALIZATION_PREFERS_STRING_CATALOGS = YES;
				MTL_ENABLE_DEBUG_INFO = NO;
				MTL_FAST_MATH = YES;
				SDKROOT = iphoneos;
				SWIFT_COMPILATION_MODE = wholemodule;
				VALIDATE_PRODUCT = YES;
			};
			name = Release;
		};
		77DF436D2E2C93AD00E6AF1B /* Debug */ = {
			isa = XCBuildConfiguration;
			buildSettings = {
				ASSETCATALOG_COMPILER_APPICON_NAME = AppIcon;
				ASSETCATALOG_COMPILER_GLOBAL_ACCENT_COLOR_NAME = AccentColor;
				CODE_SIGN_STYLE = Automatic;
				CURRENT_PROJECT_VERSION = 1;
				DEVELOPMENT_ASSET_PATHS = "\"yonnkomi/Preview Content\"";
				DEVELOPMENT_TEAM = 5B2NQ74986;
				ENABLE_PREVIEWS = YES;
				GENERATE_INFOPLIST_FILE = YES;
				INFOPLIST_KEY_UIApplicationSceneManifest_Generation = YES;
				INFOPLIST_KEY_UIApplicationSupportsIndirectInputEvents = YES;
				INFOPLIST_KEY_UILaunchScreen_Generation = YES;
				INFOPLIST_KEY_UISupportedInterfaceOrientations_iPad = "UIInterfaceOrientationPortrait UIInterfaceOrientationPortraitUpsideDown UIInterfaceOrientationLandscapeLeft UIInterfaceOrientationLandscapeRight";
				INFOPLIST_KEY_UISupportedInterfaceOrientations_iPhone = "UIInterfaceOrientationPortrait UIInterfaceOrientationLandscapeLeft UIInterfaceOrientationLandscapeRight";
				LD_RUNPATH_SEARCH_PATHS = (
					"$(inherited)",
					"@executable_path/Frameworks",
				);
				MARKETING_VERSION = 1.0;
				PRODUCT_BUNDLE_IDENTIFIER = app.takaoka.harusuke.yonnkomi;
				PRODUCT_NAME = "$(TARGET_NAME)";
				SWIFT_EMIT_LOC_STRINGS = YES;
				SWIFT_VERSION = 5.0;
				TARGETED_DEVICE_FAMILY = "1,2";
			};
			name = Debug;
		};
		77DF436E2E2C93AD00E6AF1B /* Release */ = {
			isa = XCBuildConfiguration;
			buildSettings = {
				ASSETCATALOG_COMPILER_APPICON_NAME = AppIcon;
				ASSETCATALOG_COMPILER_GLOBAL_ACCENT_COLOR_NAME = AccentColor;
				CODE_SIGN_STYLE = Automatic;
				CURRENT_PROJECT_VERSION = 1;
				DEVELOPMENT_ASSET_PATHS = "\"yonnkomi/Preview Content\"";
				DEVELOPMENT_TEAM = 5B2NQ74986;
				ENABLE_PREVIEWS = YES;
				GENERATE_INFOPLIST_FILE = YES;
				INFOPLIST_KEY_UIApplicationSceneManifest_Generation = YES;
				INFOPLIST_KEY_UIApplicationSupportsIndirectInputEvents = YES;
				INFOPLIST_KEY_UILaunchScreen_Generation = YES;
				INFOPLIST_KEY_UISupportedInterfaceOrientations_iPad = "UIInterfaceOrientationPortrait UIInterfaceOrientationPortraitUpsideDown UIInterfaceOrientationLandscapeLeft UIInterfaceOrientationLandscapeRight";
				INFOPLIST_KEY_UISupportedInterfaceOrientations_iPhone = "UIInterfaceOrientationPortrait UIInterfaceOrientationLandscapeLeft UIInterfaceOrientationLandscapeRight";
				LD_RUNPATH_SEARCH_PATHS = (
					"$(inherited)",
					"@executable_path/Frameworks",
				);
				MARKETING_VERSION = 1.0;
				PRODUCT_BUNDLE_IDENTIFIER = app.takaoka.harusuke.yonnkomi;
				PRODUCT_NAME = "$(TARGET_NAME)";
				SWIFT_EMIT_LOC_STRINGS = YES;
				SWIFT_VERSION = 5.0;
				TARGETED_DEVICE_FAMILY = "1,2";
			};
			name = Release;
		};
/* End XCBuildConfiguration section */

/* Begin XCConfigurationList section */
		77DF43572E2C93AB00E6AF1B /* Build configuration list for PBXProject "yonnkomi" */ = {
			isa = XCConfigurationList;
			buildConfigurations = (
				77DF436A2E2C93AD00E6AF1B /* Debug */,
				77DF436B2E2C93AD00E6AF1B /* Release */,
			);
			defaultConfigurationIsVisible = 0;
			defaultConfigurationName = Release;
		};
		77DF436C2E2C93AD00E6AF1B /* Build configuration list for PBXNativeTarget "yonnkomi" */ = {
			isa = XCConfigurationList;
			buildConfigurations = (
				77DF436D2E2C93AD00E6AF1B /* Debug */,
				77DF436E2E2C93AD00E6AF1B /* Release */,
			);
			defaultConfigurationIsVisible = 0;
			defaultConfigurationName = Release;
		};
/* End XCConfigurationList section */

/* Begin XCRemoteSwiftPackageReference section */
		77EEA5422E2CB591001AC06A /* XCRemoteSwiftPackageReference "firebase-ios-sdk" */ = {
			isa = XCRemoteSwiftPackageReference;
			repositoryURL = "https://github.com/firebase/firebase-ios-sdk.git";
			requirement = {
				kind = upToNextMajorVersion;
				minimumVersion = 12.0.0;
			};
		};
/* End XCRemoteSwiftPackageReference section */

/* Begin XCSwiftPackageProductDependency section */
		77EEA5432E2CB591001AC06A /* FirebaseAuth */ = {
			isa = XCSwiftPackageProductDependency;
			package = 77EEA5422E2CB591001AC06A /* XCRemoteSwiftPackageReference "firebase-ios-sdk" */;
			productName = FirebaseAuth;
		};
		77EEA5452E2CB591001AC06A /* FirebaseCore */ = {
			isa = XCSwiftPackageProductDependency;
			package = 77EEA5422E2CB591001AC06A /* XCRemoteSwiftPackageReference "firebase-ios-sdk" */;
			productName = FirebaseCore;
		};
		77EEA5472E2CB591001AC06A /* FirebaseDatabase */ = {
			isa = XCSwiftPackageProductDependency;
			package = 77EEA5422E2CB591001AC06A /* XCRemoteSwiftPackageReference "firebase-ios-sdk" */;
			productName = FirebaseDatabase;
		};
		77EEA5492E2CB591001AC06A /* FirebaseFirestore */ = {
			isa = XCSwiftPackageProductDependency;
			package = 77EEA5422E2CB591001AC06A /* XCRemoteSwiftPackageReference "firebase-ios-sdk" */;
			productName = FirebaseFirestore;
		};
/* End XCSwiftPackageProductDependency section */
	};
	rootObject = 77DF43542E2C93AB00E6AF1B /* Project object */;
}
