// !$*UTF8*$!
{
	archiveVersion = 1;
	classes = {
	};
	objectVersion = 63;
	objects = {

/* Begin PBXBuildFile section */
		0BCD33BB0ECAE58B78525064 /* Post.swift in Sources */ = {isa = PBXBuildFile; fileRef = 3B04616DBF88533821F66C31 /* Post.swift */; };
		102FB4B14249DAF718A28B0A /* FirebaseCore in Frameworks */ = {isa = PBXBuildFile; productRef = 9B4B690E19A455B008534BF3 /* FirebaseCore */; };
		17AD17865E9F38089E6C0E39 /* PsetView.xib in Resources */ = {isa = PBXBuildFile; fileRef = 000DC889166EBE73097E88DA /* PsetView.xib */; };
		17B5C7C20E3F886BE0B11256 /* ContentView.swift in Sources */ = {isa = PBXBuildFile; fileRef = EF89C8A357054704E033D82E /* ContentView.swift */; };
		2335B59C5157ED49335CEAA9 /* PKDrawingView.swift in Sources */ = {isa = PBXBuildFile; fileRef = 0578D548537DCDCA12FF7A61 /* PKDrawingView.swift */; };
		277BDD05B64A2BBF392BB95A /* CreateView.swift in Sources */ = {isa = PBXBuildFile; fileRef = 7614A12EA718A8267214FF71 /* CreateView.swift */; };
		3A01493FD610ADD6EFD2E463 /* Preview Assets.xcassets in Resources */ = {isa = PBXBuildFile; fileRef = C68336CBF0497AF0B2619B06 /* Preview Assets.xcassets */; };
		48C4EDCA422188687EAEB16E /* RegisterView.swift in Sources */ = {isa = PBXBuildFile; fileRef = 1125ABDFBF172E75CB218159 /* RegisterView.swift */; };
		5626AA9678BD2CAAE745F4F6 /* Cloudinary in Frameworks */ = {isa = PBXBuildFile; productRef = AF645389C77CBC5376DF9271 /* Cloudinary */; };
		6652B199B1D43BA4316913D2 /* yonnkomiApp.swift in Sources */ = {isa = PBXBuildFile; fileRef = 95CA5224875CC59211D59008 /* yonnkomiApp.swift */; };
		665EF75E0013CD5257AB0058 /* GoogleService-Info.plist in Resources */ = {isa = PBXBuildFile; fileRef = E2AD80F43291CE9C1E499527 /* GoogleService-Info.plist */; };
		7BAB81E8300040D4B1B00714 /* HomeView.swift in Sources */ = {isa = PBXBuildFile; fileRef = 4AB29FEA80B970B1D79540C9 /* HomeView.swift */; };
		7F3C83900295903493D6F0A1 /* CustomTabView.swift in Sources */ = {isa = PBXBuildFile; fileRef = 2C92B73615ED874EBB3C7BCA /* CustomTabView.swift */; };
		82E0090A7CF8CF9213148D2B /* PostItemView.swift in Sources */ = {isa = PBXBuildFile; fileRef = D459D238F7626BC6678A3527 /* PostItemView.swift */; };
		994CAFAA8DF090DF4F1AC090 /* String.swift in Sources */ = {isa = PBXBuildFile; fileRef = 5307D280FFFBC1BD2778E6EE /* String.swift */; };
		99E18F2C729EC85B26EF1788 /* PKHUD in Frameworks */ = {isa = PBXBuildFile; productRef = AF14EBC5AF42C35206E83976 /* PKHUD */; };
		9E26321F1B3ED2BB2B4E8C6B /* FirebaseAuth in Frameworks */ = {isa = PBXBuildFile; productRef = FAE0D88717371041A88B919E /* FirebaseAuth */; };
		A92B2FEA56BAB39728969D26 /* UserView.swift in Sources */ = {isa = PBXBuildFile; fileRef = F8593685F8C9DC9BD15BA6DD /* UserView.swift */; };
		BFBAC545D2CDFC58A033EF11 /* FirebaseFirestore in Frameworks */ = {isa = PBXBuildFile; productRef = 7FA308D39CDC9D9E6089FA42 /* FirebaseFirestore */; };
		D1C3ADED6B6AEEA541B091B8 /* Assets.xcassets in Resources */ = {isa = PBXBuildFile; fileRef = 6910C59155CFAA6FFE9C95D3 /* Assets.xcassets */; };
		D77C18CA2EFBDCE93D945D94 /* Item.swift in Sources */ = {isa = PBXBuildFile; fileRef = 0790EFD66184D2024BD42BA8 /* Item.swift */; };
		E01DC17BBF0A7516BAE287D3 /* Date.swift in Sources */ = {isa = PBXBuildFile; fileRef = 5EE82626E15A23659954FDED /* Date.swift */; };
		E8547B9E1B4288781C6D53C3 /* FirebaseDatabase in Frameworks */ = {isa = PBXBuildFile; productRef = 56B581488B3B61FC1FE9A3E8 /* FirebaseDatabase */; };
		EC33AED3CD3F181BE95BD6ED /* LoginView.swift in Sources */ = {isa = PBXBuildFile; fileRef = 8B0267C3CDE1D5EDEE8F8EC6 /* LoginView.swift */; };
		F0BD8648D8D8A89D7B558C28 /* RootView.swift in Sources */ = {isa = PBXBuildFile; fileRef = F4B6E0BBCC6E12C2CEEA5ABE /* RootView.swift */; };
		F92FDA75D3AD797533366D3D /* PostView.swift in Sources */ = {isa = PBXBuildFile; fileRef = 3140B9D220B9E5FC6F0E2CE6 /* PostView.swift */; };
/* End PBXBuildFile section */

/* Begin PBXFileReference section */
		000DC889166EBE73097E88DA /* PsetView.xib */ = {isa = PBXFileReference; lastKnownFileType = file.xib; path = PsetView.xib; sourceTree = "<group>"; };
		0578D548537DCDCA12FF7A61 /* PKDrawingView.swift */ = {isa = PBXFileReference; lastKnownFileType = sourcecode.swift; path = PKDrawingView.swift; sourceTree = "<group>"; };
		0790EFD66184D2024BD42BA8 /* Item.swift */ = {isa = PBXFileReference; lastKnownFileType = sourcecode.swift; path = Item.swift; sourceTree = "<group>"; };
		1125ABDFBF172E75CB218159 /* RegisterView.swift */ = {isa = PBXFileReference; lastKnownFileType = sourcecode.swift; path = RegisterView.swift; sourceTree = "<group>"; };
		2C92B73615ED874EBB3C7BCA /* CustomTabView.swift */ = {isa = PBXFileReference; lastKnownFileType = sourcecode.swift; path = CustomTabView.swift; sourceTree = "<group>"; };
		3140B9D220B9E5FC6F0E2CE6 /* PostView.swift */ = {isa = PBXFileReference; lastKnownFileType = sourcecode.swift; path = PostView.swift; sourceTree = "<group>"; };
		3B04616DBF88533821F66C31 /* Post.swift */ = {isa = PBXFileReference; lastKnownFileType = sourcecode.swift; path = Post.swift; sourceTree = "<group>"; };
		4A3E6D2D642483364A23F963 /* yonnkomi.app */ = {isa = PBXFileReference; explicitFileType = wrapper.application; includeInIndex = 0; path = yonnkomi.app; sourceTree = BUILT_PRODUCTS_DIR; };
		4AB29FEA80B970B1D79540C9 /* HomeView.swift */ = {isa = PBXFileReference; lastKnownFileType = sourcecode.swift; path = HomeView.swift; sourceTree = "<group>"; };
		4BFA51694FD9A9D8FD035F32 /* Info.plist */ = {isa = PBXFileReference; lastKnownFileType = text.plist; path = Info.plist; sourceTree = "<group>"; };
		5307D280FFFBC1BD2778E6EE /* String.swift */ = {isa = PBXFileReference; lastKnownFileType = sourcecode.swift; path = String.swift; sourceTree = "<group>"; };
		5EE82626E15A23659954FDED /* Date.swift */ = {isa = PBXFileReference; lastKnownFileType = sourcecode.swift; path = Date.swift; sourceTree = "<group>"; };
		6910C59155CFAA6FFE9C95D3 /* Assets.xcassets */ = {isa = PBXFileReference; lastKnownFileType = folder.assetcatalog; path = Assets.xcassets; sourceTree = "<group>"; };
		7614A12EA718A8267214FF71 /* CreateView.swift */ = {isa = PBXFileReference; lastKnownFileType = sourcecode.swift; path = CreateView.swift; sourceTree = "<group>"; };
		8B0267C3CDE1D5EDEE8F8EC6 /* LoginView.swift */ = {isa = PBXFileReference; lastKnownFileType = sourcecode.swift; path = LoginView.swift; sourceTree = "<group>"; };
		95CA5224875CC59211D59008 /* yonnkomiApp.swift */ = {isa = PBXFileReference; lastKnownFileType = sourcecode.swift; path = yonnkomiApp.swift; sourceTree = "<group>"; };
		C68336CBF0497AF0B2619B06 /* Preview Assets.xcassets */ = {isa = PBXFileReference; lastKnownFileType = folder.assetcatalog; path = "Preview Assets.xcassets"; sourceTree = "<group>"; };
		D459D238F7626BC6678A3527 /* PostItemView.swift */ = {isa = PBXFileReference; lastKnownFileType = sourcecode.swift; path = PostItemView.swift; sourceTree = "<group>"; };
		E2AD80F43291CE9C1E499527 /* GoogleService-Info.plist */ = {isa = PBXFileReference; lastKnownFileType = text.plist; path = "GoogleService-Info.plist"; sourceTree = "<group>"; };
		EF89C8A357054704E033D82E /* ContentView.swift */ = {isa = PBXFileReference; lastKnownFileType = sourcecode.swift; path = ContentView.swift; sourceTree = "<group>"; };
		F4B6E0BBCC6E12C2CEEA5ABE /* RootView.swift */ = {isa = PBXFileReference; lastKnownFileType = sourcecode.swift; path = RootView.swift; sourceTree = "<group>"; };
		F8593685F8C9DC9BD15BA6DD /* UserView.swift */ = {isa = PBXFileReference; lastKnownFileType = sourcecode.swift; path = UserView.swift; sourceTree = "<group>"; };
/* End PBXFileReference section */

/* Begin PBXFrameworksBuildPhase section */
		DFDEBDBFF7B66E7587533A85 /* Frameworks */ = {
			isa = PBXFrameworksBuildPhase;
			buildActionMask = 2147483647;
			files = (
				9E26321F1B3ED2BB2B4E8C6B /* FirebaseAuth in Frameworks */,
				102FB4B14249DAF718A28B0A /* FirebaseCore in Frameworks */,
				E8547B9E1B4288781C6D53C3 /* FirebaseDatabase in Frameworks */,
				BFBAC545D2CDFC58A033EF11 /* FirebaseFirestore in Frameworks */,
				5626AA9678BD2CAAE745F4F6 /* Cloudinary in Frameworks */,
				99E18F2C729EC85B26EF1788 /* PKHUD in Frameworks */,
			);
			runOnlyForDeploymentPostprocessing = 0;
		};
/* End PBXFrameworksBuildPhase section */

/* Begin PBXGroup section */
		6BB096337D91F0720ACC9A82 = {
			isa = PBXGroup;
			children = (
				C7D687E27FB4652A76D9A35D /* yonnkomi */,
				B4F818948A549712746102F5 /* Products */,
			);
			sourceTree = "<group>";
		};
		86E2F56956FE69A8748FDB94 /* View */ = {
			isa = PBXGroup;
			children = (
				7614A12EA718A8267214FF71 /* CreateView.swift */,
				2C92B73615ED874EBB3C7BCA /* CustomTabView.swift */,
				4AB29FEA80B970B1D79540C9 /* HomeView.swift */,
				8B0267C3CDE1D5EDEE8F8EC6 /* LoginView.swift */,
				D459D238F7626BC6678A3527 /* PostItemView.swift */,
				3140B9D220B9E5FC6F0E2CE6 /* PostView.swift */,
				000DC889166EBE73097E88DA /* PsetView.xib */,
				1125ABDFBF172E75CB218159 /* RegisterView.swift */,
				F4B6E0BBCC6E12C2CEEA5ABE /* RootView.swift */,
				F8593685F8C9DC9BD15BA6DD /* UserView.swift */,
			);
			path = View;
			sourceTree = "<group>";
		};
		8777320FB115533BE2A3DA29 /* Extention */ = {
			isa = PBXGroup;
			children = (
				5EE82626E15A23659954FDED /* Date.swift */,
				0578D548537DCDCA12FF7A61 /* PKDrawingView.swift */,
				5307D280FFFBC1BD2778E6EE /* String.swift */,
			);
			path = Extention;
			sourceTree = "<group>";
		};
		911D147BF4C35A6151DCF636 /* Model */ = {
			isa = PBXGroup;
			children = (
				0790EFD66184D2024BD42BA8 /* Item.swift */,
				3B04616DBF88533821F66C31 /* Post.swift */,
			);
			path = Model;
			sourceTree = "<group>";
		};
		95D7BAB6BEE099673C0920DC /* Preview Content */ = {
			isa = PBXGroup;
			children = (
				C68336CBF0497AF0B2619B06 /* Preview Assets.xcassets */,
			);
			path = "Preview Content";
			sourceTree = "<group>";
		};
		B4F818948A549712746102F5 /* Products */ = {
			isa = PBXGroup;
			children = (
				4A3E6D2D642483364A23F963 /* yonnkomi.app */,
			);
			name = Products;
			sourceTree = "<group>";
		};
		C7D687E27FB4652A76D9A35D /* yonnkomi */ = {
			isa = PBXGroup;
			children = (
				6910C59155CFAA6FFE9C95D3 /* Assets.xcassets */,
				EF89C8A357054704E033D82E /* ContentView.swift */,
				E2AD80F43291CE9C1E499527 /* GoogleService-Info.plist */,
				4BFA51694FD9A9D8FD035F32 /* Info.plist */,
				95CA5224875CC59211D59008 /* yonnkomiApp.swift */,
				8777320FB115533BE2A3DA29 /* Extention */,
				911D147BF4C35A6151DCF636 /* Model */,
				95D7BAB6BEE099673C0920DC /* Preview Content */,
				86E2F56956FE69A8748FDB94 /* View */,
			);
			path = yonnkomi;
			sourceTree = "<group>";
		};
/* End PBXGroup section */

/* Begin PBXNativeTarget section */
		95D42850D6CF78A4A605A7B6 /* yonnkomi */ = {
			isa = PBXNativeTarget;
			buildConfigurationList = 29863F087DEF76A7ADF74C75 /* Build configuration list for PBXNativeTarget "yonnkomi" */;
			buildPhases = (
				B296A2346E3F19E33B8F99C5 /* Sources */,
				74F2221710FEF7CB9F658493 /* Resources */,
				DFDEBDBFF7B66E7587533A85 /* Frameworks */,
			);
			buildRules = (
			);
			dependencies = (
			);
			name = yonnkomi;
			packageProductDependencies = (
				FAE0D88717371041A88B919E /* FirebaseAuth */,
				9B4B690E19A455B008534BF3 /* FirebaseCore */,
				56B581488B3B61FC1FE9A3E8 /* FirebaseDatabase */,
				7FA308D39CDC9D9E6089FA42 /* FirebaseFirestore */,
				AF645389C77CBC5376DF9271 /* Cloudinary */,
				AF14EBC5AF42C35206E83976 /* PKHUD */,
			);
			productName = yonnkomi;
			productReference = 4A3E6D2D642483364A23F963 /* yonnkomi.app */;
			productType = "com.apple.product-type.application";
		};
/* End PBXNativeTarget section */

/* Begin PBXProject section */
		A459B15C4B8FE11302A84EC6 /* Project object */ = {
			isa = PBXProject;
			attributes = {
				BuildIndependentTargetsInParallel = YES;
				LastUpgradeCheck = 1540;
				TargetAttributes = {
					95D42850D6CF78A4A605A7B6 = {
						ProvisioningStyle = Automatic;
					};
				};
			};
			buildConfigurationList = 064324C4D4DF0D0893431618 /* Build configuration list for PBXProject "yonnkomi" */;
			compatibilityVersion = "Xcode 14.0";
			developmentRegion = en;
			hasScannedForEncodings = 0;
			knownRegions = (
				Base,
				en,
			);
			mainGroup = 6BB096337D91F0720ACC9A82;
			minimizedProjectReferenceProxies = 1;
			packageReferences = (
				016CB73C1358D3E7189C8D81 /* XCRemoteSwiftPackageReference "cloudinary_ios" */,
				BFC85B2364F7F669F01C08F1 /* XCRemoteSwiftPackageReference "firebase-ios-sdk" */,
				32EBB3780786FCE5A0F0E57A /* XCRemoteSwiftPackageReference "PKHUD" */,
			);
			projectDirPath = "";
			projectRoot = "";
			targets = (
				95D42850D6CF78A4A605A7B6 /* yonnkomi */,
			);
		};
/* End PBXProject section */

/* Begin PBXResourcesBuildPhase section */
		74F2221710FEF7CB9F658493 /* Resources */ = {
			isa = PBXResourcesBuildPhase;
			buildActionMask = 2147483647;
			files = (
				D1C3ADED6B6AEEA541B091B8 /* Assets.xcassets in Resources */,
				665EF75E0013CD5257AB0058 /* GoogleService-Info.plist in Resources */,
				3A01493FD610ADD6EFD2E463 /* Preview Assets.xcassets in Resources */,
				17AD17865E9F38089E6C0E39 /* PsetView.xib in Resources */,
			);
			runOnlyForDeploymentPostprocessing = 0;
		};
/* End PBXResourcesBuildPhase section */

/* Begin PBXSourcesBuildPhase section */
		B296A2346E3F19E33B8F99C5 /* Sources */ = {
			isa = PBXSourcesBuildPhase;
			buildActionMask = 2147483647;
			files = (
				17B5C7C20E3F886BE0B11256 /* ContentView.swift in Sources */,
				277BDD05B64A2BBF392BB95A /* CreateView.swift in Sources */,
				7F3C83900295903493D6F0A1 /* CustomTabView.swift in Sources */,
				E01DC17BBF0A7516BAE287D3 /* Date.swift in Sources */,
				7BAB81E8300040D4B1B00714 /* HomeView.swift in Sources */,
				D77C18CA2EFBDCE93D945D94 /* Item.swift in Sources */,
				EC33AED3CD3F181BE95BD6ED /* LoginView.swift in Sources */,
				2335B59C5157ED49335CEAA9 /* PKDrawingView.swift in Sources */,
				0BCD33BB0ECAE58B78525064 /* Post.swift in Sources */,
				82E0090A7CF8CF9213148D2B /* PostItemView.swift in Sources */,
				F92FDA75D3AD797533366D3D /* PostView.swift in Sources */,
				48C4EDCA422188687EAEB16E /* RegisterView.swift in Sources */,
				F0BD8648D8D8A89D7B558C28 /* RootView.swift in Sources */,
				994CAFAA8DF090DF4F1AC090 /* String.swift in Sources */,
				A92B2FEA56BAB39728969D26 /* UserView.swift in Sources */,
				6652B199B1D43BA4316913D2 /* yonnkomiApp.swift in Sources */,
			);
			runOnlyForDeploymentPostprocessing = 0;
		};
/* End PBXSourcesBuildPhase section */

/* Begin XCBuildConfiguration section */
		20D2F1E21549E426F15D5CAA /* Debug */ = {
			isa = XCBuildConfiguration;
			buildSettings = {
				ALWAYS_SEARCH_USER_PATHS = NO;
				CLANG_ANALYZER_NONNULL = YES;
				CLANG_ANALYZER_NUMBER_OBJECT_CONVERSION = YES_AGGRESSIVE;
				CLANG_CXX_LANGUAGE_STANDARD = "gnu++14";
				CLANG_CXX_LIBRARY = "libc++";
				CLANG_ENABLE_MODULES = YES;
				CLANG_ENABLE_OBJC_ARC = YES;
				CLANG_ENABLE_OBJC_WEAK = YES;
				CLANG_WARN_BLOCK_CAPTURE_AUTORELEASING = YES;
				CLANG_WARN_BOOL_CONVERSION = YES;
				CLANG_WARN_COMMA = YES;
				CLANG_WARN_CONSTANT_CONVERSION = YES;
				CLANG_WARN_DEPRECATED_OBJC_IMPLEMENTATIONS = YES;
				CLANG_WARN_DIRECT_OBJC_ISA_USAGE = YES_ERROR;
				CLANG_WARN_DOCUMENTATION_COMMENTS = YES;
				CLANG_WARN_EMPTY_BODY = YES;
				CLANG_WARN_ENUM_CONVERSION = YES;
				CLANG_WARN_INFINITE_RECURSION = YES;
				CLANG_WARN_INT_CONVERSION = YES;
				CLANG_WARN_NON_LITERAL_NULL_CONVERSION = YES;
				CLANG_WARN_OBJC_IMPLICIT_RETAIN_SELF = YES;
				CLANG_WARN_OBJC_LITERAL_CONVERSION = YES;
				CLANG_WARN_OBJC_ROOT_CLASS = YES_ERROR;
				CLANG_WARN_QUOTED_INCLUDE_IN_FRAMEWORK_HEADER = YES;
				CLANG_WARN_RANGE_LOOP_ANALYSIS = YES;
				CLANG_WARN_STRICT_PROTOTYPES = YES;
				CLANG_WARN_SUSPICIOUS_MOVE = YES;
				CLANG_WARN_UNGUARDED_AVAILABILITY = YES_AGGRESSIVE;
				CLANG_WARN_UNREACHABLE_CODE = YES;
				CLANG_WARN__DUPLICATE_METHOD_MATCH = YES;
				COPY_PHASE_STRIP = NO;
				DEBUG_INFORMATION_FORMAT = dwarf;
				ENABLE_STRICT_OBJC_MSGSEND = YES;
				ENABLE_TESTABILITY = YES;
				GCC_C_LANGUAGE_STANDARD = gnu11;
				GCC_DYNAMIC_NO_PIC = NO;
				GCC_NO_COMMON_BLOCKS = YES;
				GCC_OPTIMIZATION_LEVEL = 0;
				GCC_PREPROCESSOR_DEFINITIONS = (
					"$(inherited)",
					"DEBUG=1",
				);
				GCC_WARN_64_TO_32_BIT_CONVERSION = YES;
				GCC_WARN_ABOUT_RETURN_TYPE = YES_ERROR;
				GCC_WARN_UNDECLARED_SELECTOR = YES;
				GCC_WARN_UNINITIALIZED_AUTOS = YES_AGGRESSIVE;
				GCC_WARN_UNUSED_FUNCTION = YES;
				GCC_WARN_UNUSED_VARIABLE = YES;
				IPHONEOS_DEPLOYMENT_TARGET = 17.5;
				MTL_ENABLE_DEBUG_INFO = INCLUDE_SOURCE;
				MTL_FAST_MATH = YES;
				ONLY_ACTIVE_ARCH = YES;
				PRODUCT_NAME = "$(TARGET_NAME)";
				SDKROOT = iphoneos;
				SWIFT_ACTIVE_COMPILATION_CONDITIONS = DEBUG;
				SWIFT_OPTIMIZATION_LEVEL = "-Onone";
				SWIFT_VERSION = 5.0;
			};
			name = Debug;
		};
		25235C4E221F7AF01D239E8B /* Release */ = {
			isa = XCBuildConfiguration;
			buildSettings = {
				ASSETCATALOG_COMPILER_APPICON_NAME = AppIcon;
				ASSETCATALOG_COMPILER_GLOBAL_ACCENT_COLOR_NAME = AccentColor;
				CODE_SIGN_IDENTITY = "iPhone Developer";
				CODE_SIGN_STYLE = Automatic;
				CURRENT_PROJECT_VERSION = 1;
				DEVELOPMENT_ASSET_PATHS = "\"yonnkomi/Preview Content\"";
				DEVELOPMENT_TEAM = 3P2VBG45Y8;
				ENABLE_PREVIEWS = YES;
				GENERATE_INFOPLIST_FILE = YES;
				INFOPLIST_FILE = yonnkomi/Info.plist;
				INFOPLIST_KEY_UIApplicationSceneManifest_Generation = YES;
				INFOPLIST_KEY_UIApplicationSupportsIndirectInputEvents = YES;
				INFOPLIST_KEY_UILaunchScreen_Generation = YES;
				INFOPLIST_KEY_UISupportedInterfaceOrientations_iPad = "UIInterfaceOrientationPortrait UIInterfaceOrientationPortraitUpsideDown UIInterfaceOrientationLandscapeLeft UIInterfaceOrientationLandscapeRight";
				INFOPLIST_KEY_UISupportedInterfaceOrientations_iPhone = "UIInterfaceOrientationPortrait UIInterfaceOrientationLandscapeLeft UIInterfaceOrientationLandscapeRight";
				LD_RUNPATH_SEARCH_PATHS = (
					"$(inherited)",
					"@executable_path/Frameworks",
				);
				MARKETING_VERSION = 1.0;
				PRODUCT_BUNDLE_IDENTIFIER = app.takaoka.harusuke.yonnkomi.2025;
				SDKROOT = iphoneos;
				SWIFT_VERSION = 5.0;
				TARGETED_DEVICE_FAMILY = "1,2";
			};
			name = Release;
		};
		6B05D0BC436223A952BF19D4 /* Debug */ = {
			isa = XCBuildConfiguration;
			buildSettings = {
				ASSETCATALOG_COMPILER_APPICON_NAME = AppIcon;
				ASSETCATALOG_COMPILER_GLOBAL_ACCENT_COLOR_NAME = AccentColor;
				CODE_SIGN_IDENTITY = "iPhone Developer";
				CODE_SIGN_STYLE = Automatic;
				CURRENT_PROJECT_VERSION = 1;
				DEVELOPMENT_ASSET_PATHS = "\"yonnkomi/Preview Content\"";
				DEVELOPMENT_TEAM = 3P2VBG45Y8;
				ENABLE_PREVIEWS = YES;
				GENERATE_INFOPLIST_FILE = YES;
				INFOPLIST_FILE = yonnkomi/Info.plist;
				INFOPLIST_KEY_UIApplicationSceneManifest_Generation = YES;
				INFOPLIST_KEY_UIApplicationSupportsIndirectInputEvents = YES;
				INFOPLIST_KEY_UILaunchScreen_Generation = YES;
				INFOPLIST_KEY_UISupportedInterfaceOrientations_iPad = "UIInterfaceOrientationPortrait UIInterfaceOrientationPortraitUpsideDown UIInterfaceOrientationLandscapeLeft UIInterfaceOrientationLandscapeRight";
				INFOPLIST_KEY_UISupportedInterfaceOrientations_iPhone = "UIInterfaceOrientationPortrait UIInterfaceOrientationLandscapeLeft UIInterfaceOrientationLandscapeRight";
				LD_RUNPATH_SEARCH_PATHS = (
					"$(inherited)",
					"@executable_path/Frameworks",
				);
				MARKETING_VERSION = 1.0;
				PRODUCT_BUNDLE_IDENTIFIER = app.takaoka.harusuke.yonnkomi.2025;
				SDKROOT = iphoneos;
				SWIFT_VERSION = 5.0;
				TARGETED_DEVICE_FAMILY = "1,2";
			};
			name = Debug;
		};
		D585586802F45DE82106692B /* Release */ = {
			isa = XCBuildConfiguration;
			buildSettings = {
				ALWAYS_SEARCH_USER_PATHS = NO;
				CLANG_ANALYZER_NONNULL = YES;
				CLANG_ANALYZER_NUMBER_OBJECT_CONVERSION = YES_AGGRESSIVE;
				CLANG_CXX_LANGUAGE_STANDARD = "gnu++14";
				CLANG_CXX_LIBRARY = "libc++";
				CLANG_ENABLE_MODULES = YES;
				CLANG_ENABLE_OBJC_ARC = YES;
				CLANG_ENABLE_OBJC_WEAK = YES;
				CLANG_WARN_BLOCK_CAPTURE_AUTORELEASING = YES;
				CLANG_WARN_BOOL_CONVERSION = YES;
				CLANG_WARN_COMMA = YES;
				CLANG_WARN_CONSTANT_CONVERSION = YES;
				CLANG_WARN_DEPRECATED_OBJC_IMPLEMENTATIONS = YES;
				CLANG_WARN_DIRECT_OBJC_ISA_USAGE = YES_ERROR;
				CLANG_WARN_DOCUMENTATION_COMMENTS = YES;
				CLANG_WARN_EMPTY_BODY = YES;
				CLANG_WARN_ENUM_CONVERSION = YES;
				CLANG_WARN_INFINITE_RECURSION = YES;
				CLANG_WARN_INT_CONVERSION = YES;
				CLANG_WARN_NON_LITERAL_NULL_CONVERSION = YES;
				CLANG_WARN_OBJC_IMPLICIT_RETAIN_SELF = YES;
				CLANG_WARN_OBJC_LITERAL_CONVERSION = YES;
				CLANG_WARN_OBJC_ROOT_CLASS = YES_ERROR;
				CLANG_WARN_QUOTED_INCLUDE_IN_FRAMEWORK_HEADER = YES;
				CLANG_WARN_RANGE_LOOP_ANALYSIS = YES;
				CLANG_WARN_STRICT_PROTOTYPES = YES;
				CLANG_WARN_SUSPICIOUS_MOVE = YES;
				CLANG_WARN_UNGUARDED_AVAILABILITY = YES_AGGRESSIVE;
				CLANG_WARN_UNREACHABLE_CODE = YES;
				CLANG_WARN__DUPLICATE_METHOD_MATCH = YES;
				COPY_PHASE_STRIP = NO;
				DEBUG_INFORMATION_FORMAT = "dwarf-with-dsym";
				ENABLE_NS_ASSERTIONS = NO;
				ENABLE_STRICT_OBJC_MSGSEND = YES;
				GCC_C_LANGUAGE_STANDARD = gnu11;
				GCC_NO_COMMON_BLOCKS = YES;
				GCC_WARN_64_TO_32_BIT_CONVERSION = YES;
				GCC_WARN_ABOUT_RETURN_TYPE = YES_ERROR;
				GCC_WARN_UNDECLARED_SELECTOR = YES;
				GCC_WARN_UNINITIALIZED_AUTOS = YES_AGGRESSIVE;
				GCC_WARN_UNUSED_FUNCTION = YES;
				GCC_WARN_UNUSED_VARIABLE = YES;
				IPHONEOS_DEPLOYMENT_TARGET = 17.5;
				MTL_ENABLE_DEBUG_INFO = NO;
				MTL_FAST_MATH = YES;
				PRODUCT_NAME = "$(TARGET_NAME)";
				SDKROOT = iphoneos;
				SWIFT_COMPILATION_MODE = wholemodule;
				SWIFT_OPTIMIZATION_LEVEL = "-O";
				SWIFT_VERSION = 5.0;
			};
			name = Release;
		};
/* End XCBuildConfiguration section */

/* Begin XCConfigurationList section */
		064324C4D4DF0D0893431618 /* Build configuration list for PBXProject "yonnkomi" */ = {
			isa = XCConfigurationList;
			buildConfigurations = (
				20D2F1E21549E426F15D5CAA /* Debug */,
				D585586802F45DE82106692B /* Release */,
			);
			defaultConfigurationIsVisible = 0;
			defaultConfigurationName = Debug;
		};
		29863F087DEF76A7ADF74C75 /* Build configuration list for PBXNativeTarget "yonnkomi" */ = {
			isa = XCConfigurationList;
			buildConfigurations = (
				6B05D0BC436223A952BF19D4 /* Debug */,
				25235C4E221F7AF01D239E8B /* Release */,
			);
			defaultConfigurationIsVisible = 0;
			defaultConfigurationName = Debug;
		};
/* End XCConfigurationList section */

/* Begin XCRemoteSwiftPackageReference section */
		016CB73C1358D3E7189C8D81 /* XCRemoteSwiftPackageReference "cloudinary_ios" */ = {
			isa = XCRemoteSwiftPackageReference;
			repositoryURL = "https://github.com/cloudinary/cloudinary_ios.git";
			requirement = {
				kind = upToNextMajorVersion;
				minimumVersion = 5.2.3;
			};
		};
		32EBB3780786FCE5A0F0E57A /* XCRemoteSwiftPackageReference "PKHUD" */ = {
			isa = XCRemoteSwiftPackageReference;
			repositoryURL = "https://github.com/pkluz/PKHUD.git";
			requirement = {
				kind = upToNextMajorVersion;
				minimumVersion = 5.4.0;
			};
		};
		BFC85B2364F7F669F01C08F1 /* XCRemoteSwiftPackageReference "firebase-ios-sdk" */ = {
			isa = XCRemoteSwiftPackageReference;
			repositoryURL = "https://github.com/firebase/firebase-ios-sdk.git";
			requirement = {
				kind = upToNextMajorVersion;
				minimumVersion = 12.0.0;
			};
		};
/* End XCRemoteSwiftPackageReference section */

/* Begin XCSwiftPackageProductDependency section */
		56B581488B3B61FC1FE9A3E8 /* FirebaseDatabase */ = {
			isa = XCSwiftPackageProductDependency;
			package = BFC85B2364F7F669F01C08F1 /* XCRemoteSwiftPackageReference "firebase-ios-sdk" */;
			productName = FirebaseDatabase;
		};
		7FA308D39CDC9D9E6089FA42 /* FirebaseFirestore */ = {
			isa = XCSwiftPackageProductDependency;
			package = BFC85B2364F7F669F01C08F1 /* XCRemoteSwiftPackageReference "firebase-ios-sdk" */;
			productName = FirebaseFirestore;
		};
		9B4B690E19A455B008534BF3 /* FirebaseCore */ = {
			isa = XCSwiftPackageProductDependency;
			package = BFC85B2364F7F669F01C08F1 /* XCRemoteSwiftPackageReference "firebase-ios-sdk" */;
			productName = FirebaseCore;
		};
		AF14EBC5AF42C35206E83976 /* PKHUD */ = {
			isa = XCSwiftPackageProductDependency;
			package = 32EBB3780786FCE5A0F0E57A /* XCRemoteSwiftPackageReference "PKHUD" */;
			productName = PKHUD;
		};
		AF645389C77CBC5376DF9271 /* Cloudinary */ = {
			isa = XCSwiftPackageProductDependency;
			package = 016CB73C1358D3E7189C8D81 /* XCRemoteSwiftPackageReference "cloudinary_ios" */;
			productName = Cloudinary;
		};
		FAE0D88717371041A88B919E /* FirebaseAuth */ = {
			isa = XCSwiftPackageProductDependency;
			package = BFC85B2364F7F669F01C08F1 /* XCRemoteSwiftPackageReference "firebase-ios-sdk" */;
			productName = FirebaseAuth;
		};
/* End XCSwiftPackageProductDependency section */
	};
	rootObject = A459B15C4B8FE11302A84EC6 /* Project object */;
}
